// !$*UTF8*$!
{
	archiveVersion = 1;
	classes = {
	};
	objectVersion = 55;
	objects = {

/* Begin PBXBuildFile section */
		F00DD5A728C7B19800DA1E37 /* Attendly_G5App.swift in Sources */ = {isa = PBXBuildFile; fileRef = F00DD5A628C7B19800DA1E37 /* Attendly_G5App.swift */; };
		F00DD5A928C7B19800DA1E37 /* ContentView.swift in Sources */ = {isa = PBXBuildFile; fileRef = F00DD5A828C7B19800DA1E37 /* ContentView.swift */; };
		F00DD5AB28C7B19B00DA1E37 /* Assets.xcassets in Resources */ = {isa = PBXBuildFile; fileRef = F00DD5AA28C7B19B00DA1E37 /* Assets.xcassets */; };
		F00DD5AE28C7B19B00DA1E37 /* Preview Assets.xcassets in Resources */ = {isa = PBXBuildFile; fileRef = F00DD5AD28C7B19B00DA1E37 /* Preview Assets.xcassets */; };
		F00DD5B828C7B19B00DA1E37 /* Attendly_G5Tests.swift in Sources */ = {isa = PBXBuildFile; fileRef = F00DD5B728C7B19B00DA1E37 /* Attendly_G5Tests.swift */; };
		F00DD5C228C7B19B00DA1E37 /* Attendly_G5UITests.swift in Sources */ = {isa = PBXBuildFile; fileRef = F00DD5C128C7B19B00DA1E37 /* Attendly_G5UITests.swift */; };
		F00DD5C428C7B19B00DA1E37 /* Attendly_G5UITestsLaunchTests.swift in Sources */ = {isa = PBXBuildFile; fileRef = F00DD5C328C7B19B00DA1E37 /* Attendly_G5UITestsLaunchTests.swift */; };
		F00DD5D428C7B33D00DA1E37 /* FirebaseAnalytics in Frameworks */ = {isa = PBXBuildFile; productRef = F00DD5D328C7B33D00DA1E37 /* FirebaseAnalytics */; };
		F00DD5D628C7B33D00DA1E37 /* FirebaseAnalyticsOnDeviceConversion in Frameworks */ = {isa = PBXBuildFile; productRef = F00DD5D528C7B33D00DA1E37 /* FirebaseAnalyticsOnDeviceConversion */; };
		F00DD5D828C7B33D00DA1E37 /* FirebaseAnalyticsSwift in Frameworks */ = {isa = PBXBuildFile; productRef = F00DD5D728C7B33D00DA1E37 /* FirebaseAnalyticsSwift */; };
		F00DD5DA28C7B33D00DA1E37 /* FirebaseAnalyticsWithoutAdIdSupport in Frameworks */ = {isa = PBXBuildFile; productRef = F00DD5D928C7B33D00DA1E37 /* FirebaseAnalyticsWithoutAdIdSupport */; };
		F00DD5DC28C7B33D00DA1E37 /* FirebaseAppCheck in Frameworks */ = {isa = PBXBuildFile; productRef = F00DD5DB28C7B33D00DA1E37 /* FirebaseAppCheck */; };
		F00DD5DE28C7B33D00DA1E37 /* FirebaseAppDistribution-Beta in Frameworks */ = {isa = PBXBuildFile; productRef = F00DD5DD28C7B33D00DA1E37 /* FirebaseAppDistribution-Beta */; };
		F00DD5E028C7B33D00DA1E37 /* FirebaseAuth in Frameworks */ = {isa = PBXBuildFile; productRef = F00DD5DF28C7B33D00DA1E37 /* FirebaseAuth */; };
		F00DD5E228C7B33D00DA1E37 /* FirebaseAuthCombine-Community in Frameworks */ = {isa = PBXBuildFile; productRef = F00DD5E128C7B33D00DA1E37 /* FirebaseAuthCombine-Community */; };
		F00DD5E428C7B33D00DA1E37 /* FirebaseCrashlytics in Frameworks */ = {isa = PBXBuildFile; productRef = F00DD5E328C7B33D00DA1E37 /* FirebaseCrashlytics */; };
		F00DD5E628C7B33D00DA1E37 /* FirebaseDatabase in Frameworks */ = {isa = PBXBuildFile; productRef = F00DD5E528C7B33D00DA1E37 /* FirebaseDatabase */; };
		F00DD5E828C7B33D00DA1E37 /* FirebaseDatabaseSwift in Frameworks */ = {isa = PBXBuildFile; productRef = F00DD5E728C7B33D00DA1E37 /* FirebaseDatabaseSwift */; };
		F00DD5EA28C7B33D00DA1E37 /* FirebaseDynamicLinks in Frameworks */ = {isa = PBXBuildFile; productRef = F00DD5E928C7B33D00DA1E37 /* FirebaseDynamicLinks */; };
		F00DD5EC28C7B33D00DA1E37 /* FirebaseFirestore in Frameworks */ = {isa = PBXBuildFile; productRef = F00DD5EB28C7B33D00DA1E37 /* FirebaseFirestore */; };
		F00DD5EE28C7B33D00DA1E37 /* FirebaseFirestoreCombine-Community in Frameworks */ = {isa = PBXBuildFile; productRef = F00DD5ED28C7B33D00DA1E37 /* FirebaseFirestoreCombine-Community */; };
		F00DD5F028C7B33D00DA1E37 /* FirebaseFirestoreSwift in Frameworks */ = {isa = PBXBuildFile; productRef = F00DD5EF28C7B33D00DA1E37 /* FirebaseFirestoreSwift */; };
		F00DD5F228C7B33D00DA1E37 /* FirebaseFunctions in Frameworks */ = {isa = PBXBuildFile; productRef = F00DD5F128C7B33D00DA1E37 /* FirebaseFunctions */; };
		F00DD5F428C7B33D00DA1E37 /* FirebaseFunctionsCombine-Community in Frameworks */ = {isa = PBXBuildFile; productRef = F00DD5F328C7B33D00DA1E37 /* FirebaseFunctionsCombine-Community */; };
		F00DD5F628C7B33D00DA1E37 /* FirebaseInAppMessaging-Beta in Frameworks */ = {isa = PBXBuildFile; productRef = F00DD5F528C7B33D00DA1E37 /* FirebaseInAppMessaging-Beta */; };
		F00DD5F828C7B33D00DA1E37 /* FirebaseInAppMessagingSwift-Beta in Frameworks */ = {isa = PBXBuildFile; productRef = F00DD5F728C7B33D00DA1E37 /* FirebaseInAppMessagingSwift-Beta */; };
		F00DD5FA28C7B33D00DA1E37 /* FirebaseInstallations in Frameworks */ = {isa = PBXBuildFile; productRef = F00DD5F928C7B33D00DA1E37 /* FirebaseInstallations */; };
		F00DD5FC28C7B33D00DA1E37 /* FirebaseMLModelDownloader in Frameworks */ = {isa = PBXBuildFile; productRef = F00DD5FB28C7B33D00DA1E37 /* FirebaseMLModelDownloader */; };
		F00DD5FE28C7B33D00DA1E37 /* FirebaseMessaging in Frameworks */ = {isa = PBXBuildFile; productRef = F00DD5FD28C7B33D00DA1E37 /* FirebaseMessaging */; };
		F00DD60028C7B33D00DA1E37 /* FirebasePerformance in Frameworks */ = {isa = PBXBuildFile; productRef = F00DD5FF28C7B33D00DA1E37 /* FirebasePerformance */; };
		F00DD60228C7B33D00DA1E37 /* FirebaseRemoteConfig in Frameworks */ = {isa = PBXBuildFile; productRef = F00DD60128C7B33D00DA1E37 /* FirebaseRemoteConfig */; };
		F00DD60428C7B33D00DA1E37 /* FirebaseRemoteConfigSwift in Frameworks */ = {isa = PBXBuildFile; productRef = F00DD60328C7B33D00DA1E37 /* FirebaseRemoteConfigSwift */; };
		F00DD60628C7B33D00DA1E37 /* FirebaseStorage in Frameworks */ = {isa = PBXBuildFile; productRef = F00DD60528C7B33D00DA1E37 /* FirebaseStorage */; };
		F00DD60828C7B33D00DA1E37 /* FirebaseStorageCombine-Community in Frameworks */ = {isa = PBXBuildFile; productRef = F00DD60728C7B33D00DA1E37 /* FirebaseStorageCombine-Community */; };
		F00DD60A28C7B79300DA1E37 /* GoogleService-Info.plist in Resources */ = {isa = PBXBuildFile; fileRef = F00DD60928C7B79300DA1E37 /* GoogleService-Info.plist */; };
/* End PBXBuildFile section */

/* Begin PBXContainerItemProxy section */
		F00DD5B428C7B19B00DA1E37 /* PBXContainerItemProxy */ = {
			isa = PBXContainerItemProxy;
			containerPortal = F00DD59B28C7B19800DA1E37 /* Project object */;
			proxyType = 1;
			remoteGlobalIDString = F00DD5A228C7B19800DA1E37;
			remoteInfo = "Attendly-G5";
		};
		F00DD5BE28C7B19B00DA1E37 /* PBXContainerItemProxy */ = {
			isa = PBXContainerItemProxy;
			containerPortal = F00DD59B28C7B19800DA1E37 /* Project object */;
			proxyType = 1;
			remoteGlobalIDString = F00DD5A228C7B19800DA1E37;
			remoteInfo = "Attendly-G5";
		};
/* End PBXContainerItemProxy section */

/* Begin PBXFileReference section */
		F00DD5A328C7B19800DA1E37 /* Attendly-G5.app */ = {isa = PBXFileReference; explicitFileType = wrapper.application; includeInIndex = 0; path = "Attendly-G5.app"; sourceTree = BUILT_PRODUCTS_DIR; };
		F00DD5A628C7B19800DA1E37 /* Attendly_G5App.swift */ = {isa = PBXFileReference; lastKnownFileType = sourcecode.swift; path = Attendly_G5App.swift; sourceTree = "<group>"; };
		F00DD5A828C7B19800DA1E37 /* ContentView.swift */ = {isa = PBXFileReference; lastKnownFileType = sourcecode.swift; path = ContentView.swift; sourceTree = "<group>"; };
		F00DD5AA28C7B19B00DA1E37 /* Assets.xcassets */ = {isa = PBXFileReference; lastKnownFileType = folder.assetcatalog; path = Assets.xcassets; sourceTree = "<group>"; };
		F00DD5AD28C7B19B00DA1E37 /* Preview Assets.xcassets */ = {isa = PBXFileReference; lastKnownFileType = folder.assetcatalog; path = "Preview Assets.xcassets"; sourceTree = "<group>"; };
		F00DD5B328C7B19B00DA1E37 /* Attendly-G5Tests.xctest */ = {isa = PBXFileReference; explicitFileType = wrapper.cfbundle; includeInIndex = 0; path = "Attendly-G5Tests.xctest"; sourceTree = BUILT_PRODUCTS_DIR; };
		F00DD5B728C7B19B00DA1E37 /* Attendly_G5Tests.swift */ = {isa = PBXFileReference; lastKnownFileType = sourcecode.swift; path = Attendly_G5Tests.swift; sourceTree = "<group>"; };
		F00DD5BD28C7B19B00DA1E37 /* Attendly-G5UITests.xctest */ = {isa = PBXFileReference; explicitFileType = wrapper.cfbundle; includeInIndex = 0; path = "Attendly-G5UITests.xctest"; sourceTree = BUILT_PRODUCTS_DIR; };
		F00DD5C128C7B19B00DA1E37 /* Attendly_G5UITests.swift */ = {isa = PBXFileReference; lastKnownFileType = sourcecode.swift; path = Attendly_G5UITests.swift; sourceTree = "<group>"; };
		F00DD5C328C7B19B00DA1E37 /* Attendly_G5UITestsLaunchTests.swift */ = {isa = PBXFileReference; lastKnownFileType = sourcecode.swift; path = Attendly_G5UITestsLaunchTests.swift; sourceTree = "<group>"; };
		F00DD60928C7B79300DA1E37 /* GoogleService-Info.plist */ = {isa = PBXFileReference; fileEncoding = 4; lastKnownFileType = text.plist.xml; name = "GoogleService-Info.plist"; path = "../../../Downloads/GoogleService-Info.plist"; sourceTree = "<group>"; };
/* End PBXFileReference section */

/* Begin PBXFrameworksBuildPhase section */
		F00DD5A028C7B19800DA1E37 /* Frameworks */ = {
			isa = PBXFrameworksBuildPhase;
			buildActionMask = 2147483647;
			files = (
				F00DD5E628C7B33D00DA1E37 /* FirebaseDatabase in Frameworks */,
				F00DD5F428C7B33D00DA1E37 /* FirebaseFunctionsCombine-Community in Frameworks */,
				F00DD5EC28C7B33D00DA1E37 /* FirebaseFirestore in Frameworks */,
				F00DD5D828C7B33D00DA1E37 /* FirebaseAnalyticsSwift in Frameworks */,
				F00DD5D428C7B33D00DA1E37 /* FirebaseAnalytics in Frameworks */,
				F00DD5D628C7B33D00DA1E37 /* FirebaseAnalyticsOnDeviceConversion in Frameworks */,
				F00DD5FC28C7B33D00DA1E37 /* FirebaseMLModelDownloader in Frameworks */,
				F00DD5F028C7B33D00DA1E37 /* FirebaseFirestoreSwift in Frameworks */,
				F00DD5DC28C7B33D00DA1E37 /* FirebaseAppCheck in Frameworks */,
				F00DD5DA28C7B33D00DA1E37 /* FirebaseAnalyticsWithoutAdIdSupport in Frameworks */,
				F00DD5E028C7B33D00DA1E37 /* FirebaseAuth in Frameworks */,
				F00DD5E428C7B33D00DA1E37 /* FirebaseCrashlytics in Frameworks */,
				F00DD60428C7B33D00DA1E37 /* FirebaseRemoteConfigSwift in Frameworks */,
				F00DD5F628C7B33D00DA1E37 /* FirebaseInAppMessaging-Beta in Frameworks */,
				F00DD5E828C7B33D00DA1E37 /* FirebaseDatabaseSwift in Frameworks */,
				F00DD5F228C7B33D00DA1E37 /* FirebaseFunctions in Frameworks */,
				F00DD60828C7B33D00DA1E37 /* FirebaseStorageCombine-Community in Frameworks */,
				F00DD60228C7B33D00DA1E37 /* FirebaseRemoteConfig in Frameworks */,
				F00DD5DE28C7B33D00DA1E37 /* FirebaseAppDistribution-Beta in Frameworks */,
				F00DD5E228C7B33D00DA1E37 /* FirebaseAuthCombine-Community in Frameworks */,
				F00DD60028C7B33D00DA1E37 /* FirebasePerformance in Frameworks */,
				F00DD5F828C7B33D00DA1E37 /* FirebaseInAppMessagingSwift-Beta in Frameworks */,
				F00DD60628C7B33D00DA1E37 /* FirebaseStorage in Frameworks */,
				F00DD5EA28C7B33D00DA1E37 /* FirebaseDynamicLinks in Frameworks */,
				F00DD5EE28C7B33D00DA1E37 /* FirebaseFirestoreCombine-Community in Frameworks */,
				F00DD5FE28C7B33D00DA1E37 /* FirebaseMessaging in Frameworks */,
				F00DD5FA28C7B33D00DA1E37 /* FirebaseInstallations in Frameworks */,
			);
			runOnlyForDeploymentPostprocessing = 0;
		};
		F00DD5B028C7B19B00DA1E37 /* Frameworks */ = {
			isa = PBXFrameworksBuildPhase;
			buildActionMask = 2147483647;
			files = (
			);
			runOnlyForDeploymentPostprocessing = 0;
		};
		F00DD5BA28C7B19B00DA1E37 /* Frameworks */ = {
			isa = PBXFrameworksBuildPhase;
			buildActionMask = 2147483647;
			files = (
			);
			runOnlyForDeploymentPostprocessing = 0;
		};
/* End PBXFrameworksBuildPhase section */

/* Begin PBXGroup section */
		F00DD59A28C7B19800DA1E37 = {
			isa = PBXGroup;
			children = (
				F00DD5A528C7B19800DA1E37 /* Attendly-G5 */,
				F00DD5B628C7B19B00DA1E37 /* Attendly-G5Tests */,
				F00DD5C028C7B19B00DA1E37 /* Attendly-G5UITests */,
				F00DD5A428C7B19800DA1E37 /* Products */,
			);
			sourceTree = "<group>";
		};
		F00DD5A428C7B19800DA1E37 /* Products */ = {
			isa = PBXGroup;
			children = (
				F00DD5A328C7B19800DA1E37 /* Attendly-G5.app */,
				F00DD5B328C7B19B00DA1E37 /* Attendly-G5Tests.xctest */,
				F00DD5BD28C7B19B00DA1E37 /* Attendly-G5UITests.xctest */,
			);
			name = Products;
			sourceTree = "<group>";
		};
		F00DD5A528C7B19800DA1E37 /* Attendly-G5 */ = {
			isa = PBXGroup;
			children = (
				F00DD5A628C7B19800DA1E37 /* Attendly_G5App.swift */,
				F00DD5A828C7B19800DA1E37 /* ContentView.swift */,
				F00DD5AA28C7B19B00DA1E37 /* Assets.xcassets */,
				F00DD60928C7B79300DA1E37 /* GoogleService-Info.plist */,
				F00DD5AC28C7B19B00DA1E37 /* Preview Content */,
			);
			path = "Attendly-G5";
			sourceTree = "<group>";
		};
		F00DD5AC28C7B19B00DA1E37 /* Preview Content */ = {
			isa = PBXGroup;
			children = (
				F00DD5AD28C7B19B00DA1E37 /* Preview Assets.xcassets */,
			);
			path = "Preview Content";
			sourceTree = "<group>";
		};
		F00DD5B628C7B19B00DA1E37 /* Attendly-G5Tests */ = {
			isa = PBXGroup;
			children = (
				F00DD5B728C7B19B00DA1E37 /* Attendly_G5Tests.swift */,
			);
			path = "Attendly-G5Tests";
			sourceTree = "<group>";
		};
		F00DD5C028C7B19B00DA1E37 /* Attendly-G5UITests */ = {
			isa = PBXGroup;
			children = (
				F00DD5C128C7B19B00DA1E37 /* Attendly_G5UITests.swift */,
				F00DD5C328C7B19B00DA1E37 /* Attendly_G5UITestsLaunchTests.swift */,
			);
			path = "Attendly-G5UITests";
			sourceTree = "<group>";
		};
/* End PBXGroup section */

/* Begin PBXNativeTarget section */
		F00DD5A228C7B19800DA1E37 /* Attendly-G5 */ = {
			isa = PBXNativeTarget;
			buildConfigurationList = F00DD5C728C7B19B00DA1E37 /* Build configuration list for PBXNativeTarget "Attendly-G5" */;
			buildPhases = (
				F00DD59F28C7B19800DA1E37 /* Sources */,
				F00DD5A028C7B19800DA1E37 /* Frameworks */,
				F00DD5A128C7B19800DA1E37 /* Resources */,
			);
			buildRules = (
			);
			dependencies = (
			);
			name = "Attendly-G5";
			packageProductDependencies = (
				F00DD5D328C7B33D00DA1E37 /* FirebaseAnalytics */,
				F00DD5D528C7B33D00DA1E37 /* FirebaseAnalyticsOnDeviceConversion */,
				F00DD5D728C7B33D00DA1E37 /* FirebaseAnalyticsSwift */,
				F00DD5D928C7B33D00DA1E37 /* FirebaseAnalyticsWithoutAdIdSupport */,
				F00DD5DB28C7B33D00DA1E37 /* FirebaseAppCheck */,
				F00DD5DD28C7B33D00DA1E37 /* FirebaseAppDistribution-Beta */,
				F00DD5DF28C7B33D00DA1E37 /* FirebaseAuth */,
				F00DD5E128C7B33D00DA1E37 /* FirebaseAuthCombine-Community */,
				F00DD5E328C7B33D00DA1E37 /* FirebaseCrashlytics */,
				F00DD5E528C7B33D00DA1E37 /* FirebaseDatabase */,
				F00DD5E728C7B33D00DA1E37 /* FirebaseDatabaseSwift */,
				F00DD5E928C7B33D00DA1E37 /* FirebaseDynamicLinks */,
				F00DD5EB28C7B33D00DA1E37 /* FirebaseFirestore */,
				F00DD5ED28C7B33D00DA1E37 /* FirebaseFirestoreCombine-Community */,
				F00DD5EF28C7B33D00DA1E37 /* FirebaseFirestoreSwift */,
				F00DD5F128C7B33D00DA1E37 /* FirebaseFunctions */,
				F00DD5F328C7B33D00DA1E37 /* FirebaseFunctionsCombine-Community */,
				F00DD5F528C7B33D00DA1E37 /* FirebaseInAppMessaging-Beta */,
				F00DD5F728C7B33D00DA1E37 /* FirebaseInAppMessagingSwift-Beta */,
				F00DD5F928C7B33D00DA1E37 /* FirebaseInstallations */,
				F00DD5FB28C7B33D00DA1E37 /* FirebaseMLModelDownloader */,
				F00DD5FD28C7B33D00DA1E37 /* FirebaseMessaging */,
				F00DD5FF28C7B33D00DA1E37 /* FirebasePerformance */,
				F00DD60128C7B33D00DA1E37 /* FirebaseRemoteConfig */,
				F00DD60328C7B33D00DA1E37 /* FirebaseRemoteConfigSwift */,
				F00DD60528C7B33D00DA1E37 /* FirebaseStorage */,
				F00DD60728C7B33D00DA1E37 /* FirebaseStorageCombine-Community */,
			);
			productName = "Attendly-G5";
			productReference = F00DD5A328C7B19800DA1E37 /* Attendly-G5.app */;
			productType = "com.apple.product-type.application";
		};
		F00DD5B228C7B19B00DA1E37 /* Attendly-G5Tests */ = {
			isa = PBXNativeTarget;
			buildConfigurationList = F00DD5CA28C7B19B00DA1E37 /* Build configuration list for PBXNativeTarget "Attendly-G5Tests" */;
			buildPhases = (
				F00DD5AF28C7B19B00DA1E37 /* Sources */,
				F00DD5B028C7B19B00DA1E37 /* Frameworks */,
				F00DD5B128C7B19B00DA1E37 /* Resources */,
			);
			buildRules = (
			);
			dependencies = (
				F00DD5B528C7B19B00DA1E37 /* PBXTargetDependency */,
			);
			name = "Attendly-G5Tests";
			productName = "Attendly-G5Tests";
			productReference = F00DD5B328C7B19B00DA1E37 /* Attendly-G5Tests.xctest */;
			productType = "com.apple.product-type.bundle.unit-test";
		};
		F00DD5BC28C7B19B00DA1E37 /* Attendly-G5UITests */ = {
			isa = PBXNativeTarget;
			buildConfigurationList = F00DD5CD28C7B19B00DA1E37 /* Build configuration list for PBXNativeTarget "Attendly-G5UITests" */;
			buildPhases = (
				F00DD5B928C7B19B00DA1E37 /* Sources */,
				F00DD5BA28C7B19B00DA1E37 /* Frameworks */,
				F00DD5BB28C7B19B00DA1E37 /* Resources */,
			);
			buildRules = (
			);
			dependencies = (
				F00DD5BF28C7B19B00DA1E37 /* PBXTargetDependency */,
			);
			name = "Attendly-G5UITests";
			productName = "Attendly-G5UITests";
			productReference = F00DD5BD28C7B19B00DA1E37 /* Attendly-G5UITests.xctest */;
			productType = "com.apple.product-type.bundle.ui-testing";
		};
/* End PBXNativeTarget section */

/* Begin PBXProject section */
		F00DD59B28C7B19800DA1E37 /* Project object */ = {
			isa = PBXProject;
			attributes = {
				BuildIndependentTargetsInParallel = 1;
				LastSwiftUpdateCheck = 1340;
				LastUpgradeCheck = 1340;
				TargetAttributes = {
					F00DD5A228C7B19800DA1E37 = {
						CreatedOnToolsVersion = 13.4.1;
					};
					F00DD5B228C7B19B00DA1E37 = {
						CreatedOnToolsVersion = 13.4.1;
						TestTargetID = F00DD5A228C7B19800DA1E37;
					};
					F00DD5BC28C7B19B00DA1E37 = {
						CreatedOnToolsVersion = 13.4.1;
						TestTargetID = F00DD5A228C7B19800DA1E37;
					};
				};
			};
			buildConfigurationList = F00DD59E28C7B19800DA1E37 /* Build configuration list for PBXProject "Attendly-G5" */;
			compatibilityVersion = "Xcode 13.0";
			developmentRegion = en;
			hasScannedForEncodings = 0;
			knownRegions = (
				en,
				Base,
			);
			mainGroup = F00DD59A28C7B19800DA1E37;
			packageReferences = (
				F00DD5D228C7B33D00DA1E37 /* XCRemoteSwiftPackageReference "firebase-ios-sdk" */,
				53435F9128C7BDC700D48BF4 /* XCRemoteSwiftPackageReference "firebase-ios-sdk" */,
			);
			productRefGroup = F00DD5A428C7B19800DA1E37 /* Products */;
			projectDirPath = "";
			projectRoot = "";
			targets = (
				F00DD5A228C7B19800DA1E37 /* Attendly-G5 */,
				F00DD5B228C7B19B00DA1E37 /* Attendly-G5Tests */,
				F00DD5BC28C7B19B00DA1E37 /* Attendly-G5UITests */,
			);
		};
/* End PBXProject section */

/* Begin PBXResourcesBuildPhase section */
		F00DD5A128C7B19800DA1E37 /* Resources */ = {
			isa = PBXResourcesBuildPhase;
			buildActionMask = 2147483647;
			files = (
				F00DD5AE28C7B19B00DA1E37 /* Preview Assets.xcassets in Resources */,
				F00DD5AB28C7B19B00DA1E37 /* Assets.xcassets in Resources */,
				F00DD60A28C7B79300DA1E37 /* GoogleService-Info.plist in Resources */,
			);
			runOnlyForDeploymentPostprocessing = 0;
		};
		F00DD5B128C7B19B00DA1E37 /* Resources */ = {
			isa = PBXResourcesBuildPhase;
			buildActionMask = 2147483647;
			files = (
			);
			runOnlyForDeploymentPostprocessing = 0;
		};
		F00DD5BB28C7B19B00DA1E37 /* Resources */ = {
			isa = PBXResourcesBuildPhase;
			buildActionMask = 2147483647;
			files = (
			);
			runOnlyForDeploymentPostprocessing = 0;
		};
/* End PBXResourcesBuildPhase section */

/* Begin PBXSourcesBuildPhase section */
		F00DD59F28C7B19800DA1E37 /* Sources */ = {
			isa = PBXSourcesBuildPhase;
			buildActionMask = 2147483647;
			files = (
				F00DD5A928C7B19800DA1E37 /* ContentView.swift in Sources */,
				F00DD5A728C7B19800DA1E37 /* Attendly_G5App.swift in Sources */,
			);
			runOnlyForDeploymentPostprocessing = 0;
		};
		F00DD5AF28C7B19B00DA1E37 /* Sources */ = {
			isa = PBXSourcesBuildPhase;
			buildActionMask = 2147483647;
			files = (
				F00DD5B828C7B19B00DA1E37 /* Attendly_G5Tests.swift in Sources */,
			);
			runOnlyForDeploymentPostprocessing = 0;
		};
		F00DD5B928C7B19B00DA1E37 /* Sources */ = {
			isa = PBXSourcesBuildPhase;
			buildActionMask = 2147483647;
			files = (
				F00DD5C228C7B19B00DA1E37 /* Attendly_G5UITests.swift in Sources */,
				F00DD5C428C7B19B00DA1E37 /* Attendly_G5UITestsLaunchTests.swift in Sources */,
			);
			runOnlyForDeploymentPostprocessing = 0;
		};
/* End PBXSourcesBuildPhase section */

/* Begin PBXTargetDependency section */
		F00DD5B528C7B19B00DA1E37 /* PBXTargetDependency */ = {
			isa = PBXTargetDependency;
			target = F00DD5A228C7B19800DA1E37 /* Attendly-G5 */;
			targetProxy = F00DD5B428C7B19B00DA1E37 /* PBXContainerItemProxy */;
		};
		F00DD5BF28C7B19B00DA1E37 /* PBXTargetDependency */ = {
			isa = PBXTargetDependency;
			target = F00DD5A228C7B19800DA1E37 /* Attendly-G5 */;
			targetProxy = F00DD5BE28C7B19B00DA1E37 /* PBXContainerItemProxy */;
		};
/* End PBXTargetDependency section */

/* Begin XCBuildConfiguration section */
		F00DD5C528C7B19B00DA1E37 /* Debug */ = {
			isa = XCBuildConfiguration;
			buildSettings = {
				ALWAYS_SEARCH_USER_PATHS = NO;
				CLANG_ANALYZER_NONNULL = YES;
				CLANG_ANALYZER_NUMBER_OBJECT_CONVERSION = YES_AGGRESSIVE;
				CLANG_CXX_LANGUAGE_STANDARD = "gnu++17";
				CLANG_ENABLE_MODULES = YES;
				CLANG_ENABLE_OBJC_ARC = YES;
				CLANG_ENABLE_OBJC_WEAK = YES;
				CLANG_WARN_BLOCK_CAPTURE_AUTORELEASING = YES;
				CLANG_WARN_BOOL_CONVERSION = YES;
				CLANG_WARN_COMMA = YES;
				CLANG_WARN_CONSTANT_CONVERSION = YES;
				CLANG_WARN_DEPRECATED_OBJC_IMPLEMENTATIONS = YES;
				CLANG_WARN_DIRECT_OBJC_ISA_USAGE = YES_ERROR;
				CLANG_WARN_DOCUMENTATION_COMMENTS = YES;
				CLANG_WARN_EMPTY_BODY = YES;
				CLANG_WARN_ENUM_CONVERSION = YES;
				CLANG_WARN_INFINITE_RECURSION = YES;
				CLANG_WARN_INT_CONVERSION = YES;
				CLANG_WARN_NON_LITERAL_NULL_CONVERSION = YES;
				CLANG_WARN_OBJC_IMPLICIT_RETAIN_SELF = YES;
				CLANG_WARN_OBJC_LITERAL_CONVERSION = YES;
				CLANG_WARN_OBJC_ROOT_CLASS = YES_ERROR;
				CLANG_WARN_QUOTED_INCLUDE_IN_FRAMEWORK_HEADER = YES;
				CLANG_WARN_RANGE_LOOP_ANALYSIS = YES;
				CLANG_WARN_STRICT_PROTOTYPES = YES;
				CLANG_WARN_SUSPICIOUS_MOVE = YES;
				CLANG_WARN_UNGUARDED_AVAILABILITY = YES_AGGRESSIVE;
				CLANG_WARN_UNREACHABLE_CODE = YES;
				CLANG_WARN__DUPLICATE_METHOD_MATCH = YES;
				COPY_PHASE_STRIP = NO;
				DEBUG_INFORMATION_FORMAT = dwarf;
				ENABLE_STRICT_OBJC_MSGSEND = YES;
				ENABLE_TESTABILITY = YES;
				GCC_C_LANGUAGE_STANDARD = gnu11;
				GCC_DYNAMIC_NO_PIC = NO;
				GCC_NO_COMMON_BLOCKS = YES;
				GCC_OPTIMIZATION_LEVEL = 0;
				GCC_PREPROCESSOR_DEFINITIONS = (
					"DEBUG=1",
					"$(inherited)",
				);
				GCC_WARN_64_TO_32_BIT_CONVERSION = YES;
				GCC_WARN_ABOUT_RETURN_TYPE = YES_ERROR;
				GCC_WARN_UNDECLARED_SELECTOR = YES;
				GCC_WARN_UNINITIALIZED_AUTOS = YES_AGGRESSIVE;
				GCC_WARN_UNUSED_FUNCTION = YES;
				GCC_WARN_UNUSED_VARIABLE = YES;
				IPHONEOS_DEPLOYMENT_TARGET = 15.5;
				MTL_ENABLE_DEBUG_INFO = INCLUDE_SOURCE;
				MTL_FAST_MATH = YES;
				ONLY_ACTIVE_ARCH = YES;
				SDKROOT = iphoneos;
				SWIFT_ACTIVE_COMPILATION_CONDITIONS = DEBUG;
				SWIFT_OPTIMIZATION_LEVEL = "-Onone";
			};
			name = Debug;
		};
		F00DD5C628C7B19B00DA1E37 /* Release */ = {
			isa = XCBuildConfiguration;
			buildSettings = {
				ALWAYS_SEARCH_USER_PATHS = NO;
				CLANG_ANALYZER_NONNULL = YES;
				CLANG_ANALYZER_NUMBER_OBJECT_CONVERSION = YES_AGGRESSIVE;
				CLANG_CXX_LANGUAGE_STANDARD = "gnu++17";
				CLANG_ENABLE_MODULES = YES;
				CLANG_ENABLE_OBJC_ARC = YES;
				CLANG_ENABLE_OBJC_WEAK = YES;
				CLANG_WARN_BLOCK_CAPTURE_AUTORELEASING = YES;
				CLANG_WARN_BOOL_CONVERSION = YES;
				CLANG_WARN_COMMA = YES;
				CLANG_WARN_CONSTANT_CONVERSION = YES;
				CLANG_WARN_DEPRECATED_OBJC_IMPLEMENTATIONS = YES;
				CLANG_WARN_DIRECT_OBJC_ISA_USAGE = YES_ERROR;
				CLANG_WARN_DOCUMENTATION_COMMENTS = YES;
				CLANG_WARN_EMPTY_BODY = YES;
				CLANG_WARN_ENUM_CONVERSION = YES;
				CLANG_WARN_INFINITE_RECURSION = YES;
				CLANG_WARN_INT_CONVERSION = YES;
				CLANG_WARN_NON_LITERAL_NULL_CONVERSION = YES;
				CLANG_WARN_OBJC_IMPLICIT_RETAIN_SELF = YES;
				CLANG_WARN_OBJC_LITERAL_CONVERSION = YES;
				CLANG_WARN_OBJC_ROOT_CLASS = YES_ERROR;
				CLANG_WARN_QUOTED_INCLUDE_IN_FRAMEWORK_HEADER = YES;
				CLANG_WARN_RANGE_LOOP_ANALYSIS = YES;
				CLANG_WARN_STRICT_PROTOTYPES = YES;
				CLANG_WARN_SUSPICIOUS_MOVE = YES;
				CLANG_WARN_UNGUARDED_AVAILABILITY = YES_AGGRESSIVE;
				CLANG_WARN_UNREACHABLE_CODE = YES;
				CLANG_WARN__DUPLICATE_METHOD_MATCH = YES;
				COPY_PHASE_STRIP = NO;
				DEBUG_INFORMATION_FORMAT = "dwarf-with-dsym";
				ENABLE_NS_ASSERTIONS = NO;
				ENABLE_STRICT_OBJC_MSGSEND = YES;
				GCC_C_LANGUAGE_STANDARD = gnu11;
				GCC_NO_COMMON_BLOCKS = YES;
				GCC_WARN_64_TO_32_BIT_CONVERSION = YES;
				GCC_WARN_ABOUT_RETURN_TYPE = YES_ERROR;
				GCC_WARN_UNDECLARED_SELECTOR = YES;
				GCC_WARN_UNINITIALIZED_AUTOS = YES_AGGRESSIVE;
				GCC_WARN_UNUSED_FUNCTION = YES;
				GCC_WARN_UNUSED_VARIABLE = YES;
				IPHONEOS_DEPLOYMENT_TARGET = 15.5;
				MTL_ENABLE_DEBUG_INFO = NO;
				MTL_FAST_MATH = YES;
				SDKROOT = iphoneos;
				SWIFT_COMPILATION_MODE = wholemodule;
				SWIFT_OPTIMIZATION_LEVEL = "-O";
				VALIDATE_PRODUCT = YES;
			};
			name = Release;
		};
		F00DD5C828C7B19B00DA1E37 /* Debug */ = {
			isa = XCBuildConfiguration;
			buildSettings = {
				ASSETCATALOG_COMPILER_APPICON_NAME = AppIcon;
				ASSETCATALOG_COMPILER_GLOBAL_ACCENT_COLOR_NAME = AccentColor;
				CODE_SIGN_STYLE = Automatic;
				CURRENT_PROJECT_VERSION = 1;
				DEVELOPMENT_ASSET_PATHS = "\"Attendly-G5/Preview Content\"";
				DEVELOPMENT_TEAM = K9TPRSV2Z7;
				ENABLE_PREVIEWS = YES;
				GENERATE_INFOPLIST_FILE = YES;
				INFOPLIST_KEY_UIApplicationSceneManifest_Generation = YES;
				INFOPLIST_KEY_UIApplicationSupportsIndirectInputEvents = YES;
				INFOPLIST_KEY_UILaunchScreen_Generation = YES;
				INFOPLIST_KEY_UISupportedInterfaceOrientations_iPad = "UIInterfaceOrientationPortrait UIInterfaceOrientationPortraitUpsideDown UIInterfaceOrientationLandscapeLeft UIInterfaceOrientationLandscapeRight";
				INFOPLIST_KEY_UISupportedInterfaceOrientations_iPhone = "UIInterfaceOrientationPortrait UIInterfaceOrientationLandscapeLeft UIInterfaceOrientationLandscapeRight";
				LD_RUNPATH_SEARCH_PATHS = (
					"$(inherited)",
					"@executable_path/Frameworks",
				);
				MARKETING_VERSION = 1.0;
				PRODUCT_BUNDLE_IDENTIFIER = "com.example.-SwiftDemo.Attendly-G5";
				PRODUCT_NAME = "$(TARGET_NAME)";
				SWIFT_EMIT_LOC_STRINGS = YES;
				SWIFT_VERSION = 5.0;
				TARGETED_DEVICE_FAMILY = "1,2";
			};
			name = Debug;
		};
		F00DD5C928C7B19B00DA1E37 /* Release */ = {
			isa = XCBuildConfiguration;
			buildSettings = {
				ASSETCATALOG_COMPILER_APPICON_NAME = AppIcon;
				ASSETCATALOG_COMPILER_GLOBAL_ACCENT_COLOR_NAME = AccentColor;
				CODE_SIGN_STYLE = Automatic;
				CURRENT_PROJECT_VERSION = 1;
				DEVELOPMENT_ASSET_PATHS = "\"Attendly-G5/Preview Content\"";
				DEVELOPMENT_TEAM = K9TPRSV2Z7;
				ENABLE_PREVIEWS = YES;
				GENERATE_INFOPLIST_FILE = YES;
				INFOPLIST_KEY_UIApplicationSceneManifest_Generation = YES;
				INFOPLIST_KEY_UIApplicationSupportsIndirectInputEvents = YES;
				INFOPLIST_KEY_UILaunchScreen_Generation = YES;
				INFOPLIST_KEY_UISupportedInterfaceOrientations_iPad = "UIInterfaceOrientationPortrait UIInterfaceOrientationPortraitUpsideDown UIInterfaceOrientationLandscapeLeft UIInterfaceOrientationLandscapeRight";
				INFOPLIST_KEY_UISupportedInterfaceOrientations_iPhone = "UIInterfaceOrientationPortrait UIInterfaceOrientationLandscapeLeft UIInterfaceOrientationLandscapeRight";
				LD_RUNPATH_SEARCH_PATHS = (
					"$(inherited)",
					"@executable_path/Frameworks",
				);
				MARKETING_VERSION = 1.0;
				PRODUCT_BUNDLE_IDENTIFIER = "com.example.-SwiftDemo.Attendly-G5";
				PRODUCT_NAME = "$(TARGET_NAME)";
				SWIFT_EMIT_LOC_STRINGS = YES;
				SWIFT_VERSION = 5.0;
				TARGETED_DEVICE_FAMILY = "1,2";
			};
			name = Release;
		};
		F00DD5CB28C7B19B00DA1E37 /* Debug */ = {
			isa = XCBuildConfiguration;
			buildSettings = {
				ALWAYS_EMBED_SWIFT_STANDARD_LIBRARIES = YES;
				BUNDLE_LOADER = "$(TEST_HOST)";
				CODE_SIGN_STYLE = Automatic;
				CURRENT_PROJECT_VERSION = 1;
				DEVELOPMENT_TEAM = K9TPRSV2Z7;
				GENERATE_INFOPLIST_FILE = YES;
				IPHONEOS_DEPLOYMENT_TARGET = 15.5;
				MARKETING_VERSION = 1.0;
				PRODUCT_BUNDLE_IDENTIFIER = "com.example.-SwiftDemo.Attendly-G5Tests";
				PRODUCT_NAME = "$(TARGET_NAME)";
				SWIFT_EMIT_LOC_STRINGS = NO;
				SWIFT_VERSION = 5.0;
				TARGETED_DEVICE_FAMILY = "1,2";
				TEST_HOST = "$(BUILT_PRODUCTS_DIR)/Attendly-G5.app/Attendly-G5";
			};
			name = Debug;
		};
		F00DD5CC28C7B19B00DA1E37 /* Release */ = {
			isa = XCBuildConfiguration;
			buildSettings = {
				ALWAYS_EMBED_SWIFT_STANDARD_LIBRARIES = YES;
				BUNDLE_LOADER = "$(TEST_HOST)";
				CODE_SIGN_STYLE = Automatic;
				CURRENT_PROJECT_VERSION = 1;
				DEVELOPMENT_TEAM = K9TPRSV2Z7;
				GENERATE_INFOPLIST_FILE = YES;
				IPHONEOS_DEPLOYMENT_TARGET = 15.5;
				MARKETING_VERSION = 1.0;
				PRODUCT_BUNDLE_IDENTIFIER = "com.example.-SwiftDemo.Attendly-G5Tests";
				PRODUCT_NAME = "$(TARGET_NAME)";
				SWIFT_EMIT_LOC_STRINGS = NO;
				SWIFT_VERSION = 5.0;
				TARGETED_DEVICE_FAMILY = "1,2";
				TEST_HOST = "$(BUILT_PRODUCTS_DIR)/Attendly-G5.app/Attendly-G5";
			};
			name = Release;
		};
		F00DD5CE28C7B19B00DA1E37 /* Debug */ = {
			isa = XCBuildConfiguration;
			buildSettings = {
				ALWAYS_EMBED_SWIFT_STANDARD_LIBRARIES = YES;
				CODE_SIGN_STYLE = Automatic;
				CURRENT_PROJECT_VERSION = 1;
				DEVELOPMENT_TEAM = K9TPRSV2Z7;
				GENERATE_INFOPLIST_FILE = YES;
				MARKETING_VERSION = 1.0;
				PRODUCT_BUNDLE_IDENTIFIER = "com.example.-SwiftDemo.Attendly-G5UITests";
				PRODUCT_NAME = "$(TARGET_NAME)";
				SWIFT_EMIT_LOC_STRINGS = NO;
				SWIFT_VERSION = 5.0;
				TARGETED_DEVICE_FAMILY = "1,2";
				TEST_TARGET_NAME = "Attendly-G5";
			};
			name = Debug;
		};
		F00DD5CF28C7B19B00DA1E37 /* Release */ = {
			isa = XCBuildConfiguration;
			buildSettings = {
				ALWAYS_EMBED_SWIFT_STANDARD_LIBRARIES = YES;
				CODE_SIGN_STYLE = Automatic;
				CURRENT_PROJECT_VERSION = 1;
				DEVELOPMENT_TEAM = K9TPRSV2Z7;
				GENERATE_INFOPLIST_FILE = YES;
				MARKETING_VERSION = 1.0;
				PRODUCT_BUNDLE_IDENTIFIER = "com.example.-SwiftDemo.Attendly-G5UITests";
				PRODUCT_NAME = "$(TARGET_NAME)";
				SWIFT_EMIT_LOC_STRINGS = NO;
				SWIFT_VERSION = 5.0;
				TARGETED_DEVICE_FAMILY = "1,2";
				TEST_TARGET_NAME = "Attendly-G5";
			};
			name = Release;
		};
/* End XCBuildConfiguration section */

/* Begin XCConfigurationList section */
		F00DD59E28C7B19800DA1E37 /* Build configuration list for PBXProject "Attendly-G5" */ = {
			isa = XCConfigurationList;
			buildConfigurations = (
				F00DD5C528C7B19B00DA1E37 /* Debug */,
				F00DD5C628C7B19B00DA1E37 /* Release */,
			);
			defaultConfigurationIsVisible = 0;
			defaultConfigurationName = Release;
		};
		F00DD5C728C7B19B00DA1E37 /* Build configuration list for PBXNativeTarget "Attendly-G5" */ = {
			isa = XCConfigurationList;
			buildConfigurations = (
				F00DD5C828C7B19B00DA1E37 /* Debug */,
				F00DD5C928C7B19B00DA1E37 /* Release */,
			);
			defaultConfigurationIsVisible = 0;
			defaultConfigurationName = Release;
		};
		F00DD5CA28C7B19B00DA1E37 /* Build configuration list for PBXNativeTarget "Attendly-G5Tests" */ = {
			isa = XCConfigurationList;
			buildConfigurations = (
				F00DD5CB28C7B19B00DA1E37 /* Debug */,
				F00DD5CC28C7B19B00DA1E37 /* Release */,
			);
			defaultConfigurationIsVisible = 0;
			defaultConfigurationName = Release;
		};
		F00DD5CD28C7B19B00DA1E37 /* Build configuration list for PBXNativeTarget "Attendly-G5UITests" */ = {
			isa = XCConfigurationList;
			buildConfigurations = (
				F00DD5CE28C7B19B00DA1E37 /* Debug */,
				F00DD5CF28C7B19B00DA1E37 /* Release */,
			);
			defaultConfigurationIsVisible = 0;
			defaultConfigurationName = Release;
		};
/* End XCConfigurationList section */

/* Begin XCRemoteSwiftPackageReference section */
		53435F9128C7BDC700D48BF4 /* XCRemoteSwiftPackageReference "firebase-ios-sdk" */ = {
			isa = XCRemoteSwiftPackageReference;
			repositoryURL = "https://github.com/firebase/firebase-ios-sdk";
			requirement = {
				kind = upToNextMajorVersion;
				minimumVersion = 9.0.0;
			};
		};
		F00DD5D228C7B33D00DA1E37 /* XCRemoteSwiftPackageReference "firebase-ios-sdk" */ = {
			isa = XCRemoteSwiftPackageReference;
			repositoryURL = "https://github.com/firebase/firebase-ios-sdk";
			requirement = {
				kind = upToNextMajorVersion;
				minimumVersion = 9.0.0;
			};
		};
/* End XCRemoteSwiftPackageReference section */

/* Begin XCSwiftPackageProductDependency section */
		F00DD5D328C7B33D00DA1E37 /* FirebaseAnalytics */ = {
			isa = XCSwiftPackageProductDependency;
			package = F00DD5D228C7B33D00DA1E37 /* XCRemoteSwiftPackageReference "firebase-ios-sdk" */;
			productName = FirebaseAnalytics;
		};
		F00DD5D528C7B33D00DA1E37 /* FirebaseAnalyticsOnDeviceConversion */ = {
			isa = XCSwiftPackageProductDependency;
			package = F00DD5D228C7B33D00DA1E37 /* XCRemoteSwiftPackageReference "firebase-ios-sdk" */;
			productName = FirebaseAnalyticsOnDeviceConversion;
		};
		F00DD5D728C7B33D00DA1E37 /* FirebaseAnalyticsSwift */ = {
			isa = XCSwiftPackageProductDependency;
			package = F00DD5D228C7B33D00DA1E37 /* XCRemoteSwiftPackageReference "firebase-ios-sdk" */;
			productName = FirebaseAnalyticsSwift;
		};
		F00DD5D928C7B33D00DA1E37 /* FirebaseAnalyticsWithoutAdIdSupport */ = {
			isa = XCSwiftPackageProductDependency;
			package = F00DD5D228C7B33D00DA1E37 /* XCRemoteSwiftPackageReference "firebase-ios-sdk" */;
			productName = FirebaseAnalyticsWithoutAdIdSupport;
		};
		F00DD5DB28C7B33D00DA1E37 /* FirebaseAppCheck */ = {
			isa = XCSwiftPackageProductDependency;
			package = F00DD5D228C7B33D00DA1E37 /* XCRemoteSwiftPackageReference "firebase-ios-sdk" */;
			productName = FirebaseAppCheck;
		};
		F00DD5DD28C7B33D00DA1E37 /* FirebaseAppDistribution-Beta */ = {
			isa = XCSwiftPackageProductDependency;
			package = F00DD5D228C7B33D00DA1E37 /* XCRemoteSwiftPackageReference "firebase-ios-sdk" */;
			productName = "FirebaseAppDistribution-Beta";
		};
		F00DD5DF28C7B33D00DA1E37 /* FirebaseAuth */ = {
			isa = XCSwiftPackageProductDependency;
			package = F00DD5D228C7B33D00DA1E37 /* XCRemoteSwiftPackageReference "firebase-ios-sdk" */;
			productName = FirebaseAuth;
		};
		F00DD5E128C7B33D00DA1E37 /* FirebaseAuthCombine-Community */ = {
			isa = XCSwiftPackageProductDependency;
			package = F00DD5D228C7B33D00DA1E37 /* XCRemoteSwiftPackageReference "firebase-ios-sdk" */;
			productName = "FirebaseAuthCombine-Community";
		};
		F00DD5E328C7B33D00DA1E37 /* FirebaseCrashlytics */ = {
			isa = XCSwiftPackageProductDependency;
			package = F00DD5D228C7B33D00DA1E37 /* XCRemoteSwiftPackageReference "firebase-ios-sdk" */;
			productName = FirebaseCrashlytics;
		};
		F00DD5E528C7B33D00DA1E37 /* FirebaseDatabase */ = {
			isa = XCSwiftPackageProductDependency;
			package = F00DD5D228C7B33D00DA1E37 /* XCRemoteSwiftPackageReference "firebase-ios-sdk" */;
			productName = FirebaseDatabase;
		};
		F00DD5E728C7B33D00DA1E37 /* FirebaseDatabaseSwift */ = {
			isa = XCSwiftPackageProductDependency;
			package = F00DD5D228C7B33D00DA1E37 /* XCRemoteSwiftPackageReference "firebase-ios-sdk" */;
			productName = FirebaseDatabaseSwift;
		};
		F00DD5E928C7B33D00DA1E37 /* FirebaseDynamicLinks */ = {
			isa = XCSwiftPackageProductDependency;
			package = F00DD5D228C7B33D00DA1E37 /* XCRemoteSwiftPackageReference "firebase-ios-sdk" */;
			productName = FirebaseDynamicLinks;
		};
		F00DD5EB28C7B33D00DA1E37 /* FirebaseFirestore */ = {
			isa = XCSwiftPackageProductDependency;
			package = F00DD5D228C7B33D00DA1E37 /* XCRemoteSwiftPackageReference "firebase-ios-sdk" */;
			productName = FirebaseFirestore;
		};
		F00DD5ED28C7B33D00DA1E37 /* FirebaseFirestoreCombine-Community */ = {
			isa = XCSwiftPackageProductDependency;
			package = F00DD5D228C7B33D00DA1E37 /* XCRemoteSwiftPackageReference "firebase-ios-sdk" */;
			productName = "FirebaseFirestoreCombine-Community";
		};
		F00DD5EF28C7B33D00DA1E37 /* FirebaseFirestoreSwift */ = {
			isa = XCSwiftPackageProductDependency;
			package = F00DD5D228C7B33D00DA1E37 /* XCRemoteSwiftPackageReference "firebase-ios-sdk" */;
			productName = FirebaseFirestoreSwift;
		};
		F00DD5F128C7B33D00DA1E37 /* FirebaseFunctions */ = {
			isa = XCSwiftPackageProductDependency;
			package = F00DD5D228C7B33D00DA1E37 /* XCRemoteSwiftPackageReference "firebase-ios-sdk" */;
			productName = FirebaseFunctions;
		};
		F00DD5F328C7B33D00DA1E37 /* FirebaseFunctionsCombine-Community */ = {
			isa = XCSwiftPackageProductDependency;
			package = F00DD5D228C7B33D00DA1E37 /* XCRemoteSwiftPackageReference "firebase-ios-sdk" */;
			productName = "FirebaseFunctionsCombine-Community";
		};
		F00DD5F528C7B33D00DA1E37 /* FirebaseInAppMessaging-Beta */ = {
			isa = XCSwiftPackageProductDependency;
			package = F00DD5D228C7B33D00DA1E37 /* XCRemoteSwiftPackageReference "firebase-ios-sdk" */;
			productName = "FirebaseInAppMessaging-Beta";
		};
		F00DD5F728C7B33D00DA1E37 /* FirebaseInAppMessagingSwift-Beta */ = {
			isa = XCSwiftPackageProductDependency;
			package = F00DD5D228C7B33D00DA1E37 /* XCRemoteSwiftPackageReference "firebase-ios-sdk" */;
			productName = "FirebaseInAppMessagingSwift-Beta";
		};
		F00DD5F928C7B33D00DA1E37 /* FirebaseInstallations */ = {
			isa = XCSwiftPackageProductDependency;
			package = F00DD5D228C7B33D00DA1E37 /* XCRemoteSwiftPackageReference "firebase-ios-sdk" */;
			productName = FirebaseInstallations;
		};
		F00DD5FB28C7B33D00DA1E37 /* FirebaseMLModelDownloader */ = {
			isa = XCSwiftPackageProductDependency;
			package = F00DD5D228C7B33D00DA1E37 /* XCRemoteSwiftPackageReference "firebase-ios-sdk" */;
			productName = FirebaseMLModelDownloader;
		};
		F00DD5FD28C7B33D00DA1E37 /* FirebaseMessaging */ = {
			isa = XCSwiftPackageProductDependency;
			package = F00DD5D228C7B33D00DA1E37 /* XCRemoteSwiftPackageReference "firebase-ios-sdk" */;
			productName = FirebaseMessaging;
		};
		F00DD5FF28C7B33D00DA1E37 /* FirebasePerformance */ = {
			isa = XCSwiftPackageProductDependency;
			package = F00DD5D228C7B33D00DA1E37 /* XCRemoteSwiftPackageReference "firebase-ios-sdk" */;
			productName = FirebasePerformance;
		};
		F00DD60128C7B33D00DA1E37 /* FirebaseRemoteConfig */ = {
			isa = XCSwiftPackageProductDependency;
			package = F00DD5D228C7B33D00DA1E37 /* XCRemoteSwiftPackageReference "firebase-ios-sdk" */;
			productName = FirebaseRemoteConfig;
		};
		F00DD60328C7B33D00DA1E37 /* FirebaseRemoteConfigSwift */ = {
			isa = XCSwiftPackageProductDependency;
			package = F00DD5D228C7B33D00DA1E37 /* XCRemoteSwiftPackageReference "firebase-ios-sdk" */;
			productName = FirebaseRemoteConfigSwift;
		};
		F00DD60528C7B33D00DA1E37 /* FirebaseStorage */ = {
			isa = XCSwiftPackageProductDependency;
			package = F00DD5D228C7B33D00DA1E37 /* XCRemoteSwiftPackageReference "firebase-ios-sdk" */;
			productName = FirebaseStorage;
		};
		F00DD60728C7B33D00DA1E37 /* FirebaseStorageCombine-Community */ = {
			isa = XCSwiftPackageProductDependency;
			package = F00DD5D228C7B33D00DA1E37 /* XCRemoteSwiftPackageReference "firebase-ios-sdk" */;
			productName = "FirebaseStorageCombine-Community";
		};
/* End XCSwiftPackageProductDependency section */
	};
	rootObject = F00DD59B28C7B19800DA1E37 /* Project object */;
}
